// !$*UTF8*$!
{
	archiveVersion = 1;
	classes = {
	};
	objectVersion = 46;
	objects = {

/* Begin PBXBuildFile section */
		4C2478981C23DC3900D8312D /* WZImageExample.m in Sources */ = {isa = PBXBuildFile; fileRef = 4C2478971C23DC3900D8312D /* WZImageExample.m */; };
		4C2478A61C23F63300D8312D /* cube.png in Resources */ = {isa = PBXBuildFile; fileRef = 4C24789B1C23F63300D8312D /* cube.png */; };
		4C2478A71C23F63300D8312D /* mew_baseline.gif in Resources */ = {isa = PBXBuildFile; fileRef = 4C24789C1C23F63300D8312D /* mew_baseline.gif */; };
		4C2478A81C23F63300D8312D /* mew_baseline.jpg in Resources */ = {isa = PBXBuildFile; fileRef = 4C24789D1C23F63300D8312D /* mew_baseline.jpg */; };
		4C2478A91C23F63300D8312D /* mew_baseline.png in Resources */ = {isa = PBXBuildFile; fileRef = 4C24789E1C23F63300D8312D /* mew_baseline.png */; };
		4C2478AA1C23F63300D8312D /* mew_interlaced.gif in Resources */ = {isa = PBXBuildFile; fileRef = 4C24789F1C23F63300D8312D /* mew_interlaced.gif */; };
		4C2478AB1C23F63300D8312D /* mew_interlaced.png in Resources */ = {isa = PBXBuildFile; fileRef = 4C2478A01C23F63300D8312D /* mew_interlaced.png */; };
		4C2478AC1C23F63300D8312D /* mew_progressive.jpg in Resources */ = {isa = PBXBuildFile; fileRef = 4C2478A11C23F63300D8312D /* mew_progressive.jpg */; };
		4C2478AD1C23F63300D8312D /* niconiconi.gif in Resources */ = {isa = PBXBuildFile; fileRef = 4C2478A21C23F63300D8312D /* niconiconi.gif */; };
		4C2478AE1C23F63300D8312D /* pia.png in Resources */ = {isa = PBXBuildFile; fileRef = 4C2478A31C23F63300D8312D /* pia.png */; };
		4C2478AF1C23F63300D8312D /* Twitter.jpg in Resources */ = {isa = PBXBuildFile; fileRef = 4C2478A41C23F63300D8312D /* Twitter.jpg */; };
		4C2478B01C23F63300D8312D /* wall-e.webp in Resources */ = {isa = PBXBuildFile; fileRef = 4C2478A51C23F63300D8312D /* wall-e.webp */; };
		4C2478B31C23F6A900D8312D /* WZAnimatedImageViewController.m in Sources */ = {isa = PBXBuildFile; fileRef = 4C2478B21C23F6A900D8312D /* WZAnimatedImageViewController.m */; };
		4C2478C31C23FA3D00D8312D /* UIView+HandyAutoLayout.m in Sources */ = {isa = PBXBuildFile; fileRef = 4C2478BB1C23FA3D00D8312D /* UIView+HandyAutoLayout.m */; };
		4C2478C41C23FA3D00D8312D /* UIView+LayoutMethods.m in Sources */ = {isa = PBXBuildFile; fileRef = 4C2478BD1C23FA3D00D8312D /* UIView+LayoutMethods.m */; };
		4C4928951C2A752800039DA3 /* WZImage.m in Sources */ = {isa = PBXBuildFile; fileRef = 4C4928941C2A752800039DA3 /* WZImage.m */; };
		4C49289C1C2A815300039DA3 /* YYImageCoder.m in Sources */ = {isa = PBXBuildFile; fileRef = 4C49289B1C2A815300039DA3 /* YYImageCoder.m */; };
		4C49289F1C2A845C00039DA3 /* WZAnimatedImageView.m in Sources */ = {isa = PBXBuildFile; fileRef = 4C49289E1C2A845C00039DA3 /* WZAnimatedImageView.m */; };
		4C4AAC2B1C28F756009BDA93 /* NSAttributedString+WZAttributedString.m in Sources */ = {isa = PBXBuildFile; fileRef = 4C4AAC2A1C28F756009BDA93 /* NSAttributedString+WZAttributedString.m */; };
		4C5FFEEE1C20FAA100A4FADD /* main.m in Sources */ = {isa = PBXBuildFile; fileRef = 4C5FFEED1C20FAA100A4FADD /* main.m */; };
		4C5FFEF91C20FAA200A4FADD /* Assets.xcassets in Resources */ = {isa = PBXBuildFile; fileRef = 4C5FFEF81C20FAA200A4FADD /* Assets.xcassets */; };
		4C5FFEFC1C20FAA200A4FADD /* LaunchScreen.storyboard in Resources */ = {isa = PBXBuildFile; fileRef = 4C5FFEFA1C20FAA200A4FADD /* LaunchScreen.storyboard */; };
		4C5FFF071C20FAA200A4FADD /* WZExampleTests.m in Sources */ = {isa = PBXBuildFile; fileRef = 4C5FFF061C20FAA200A4FADD /* WZExampleTests.m */; };
		4C5FFF121C20FAA200A4FADD /* WZExampleUITests.m in Sources */ = {isa = PBXBuildFile; fileRef = 4C5FFF111C20FAA200A4FADD /* WZExampleUITests.m */; };
		4C5FFF2B1C21343300A4FADD /* AppDelegate.m in Sources */ = {isa = PBXBuildFile; fileRef = 4C5FFF261C21343300A4FADD /* AppDelegate.m */; };
		4C5FFF2D1C21343300A4FADD /* WZNavigationController.m in Sources */ = {isa = PBXBuildFile; fileRef = 4C5FFF2A1C21343300A4FADD /* WZNavigationController.m */; };
		4C5FFF301C21346A00A4FADD /* WZTableViewController.m in Sources */ = {isa = PBXBuildFile; fileRef = 4C5FFF2F1C21346A00A4FADD /* WZTableViewController.m */; };
		4C5FFF341C213C1600A4FADD /* Foundation.framework in Frameworks */ = {isa = PBXBuildFile; fileRef = 4C5FFF311C213B9E00A4FADD /* Foundation.framework */; };
		4C62084E1C22439C009CCEC0 /* MJDictionaryCache.m in Sources */ = {isa = PBXBuildFile; fileRef = 4C6208381C22439C009CCEC0 /* MJDictionaryCache.m */; };
		4C62084F1C22439C009CCEC0 /* MJExtensionConst.m in Sources */ = {isa = PBXBuildFile; fileRef = 4C62083B1C22439C009CCEC0 /* MJExtensionConst.m */; };
		4C6208501C22439C009CCEC0 /* MJFoundation.m in Sources */ = {isa = PBXBuildFile; fileRef = 4C62083D1C22439C009CCEC0 /* MJFoundation.m */; };
		4C6208511C22439C009CCEC0 /* MJProperty.m in Sources */ = {isa = PBXBuildFile; fileRef = 4C62083F1C22439C009CCEC0 /* MJProperty.m */; };
		4C6208521C22439C009CCEC0 /* MJPropertyKey.m in Sources */ = {isa = PBXBuildFile; fileRef = 4C6208411C22439C009CCEC0 /* MJPropertyKey.m */; };
		4C6208531C22439C009CCEC0 /* MJPropertyType.m in Sources */ = {isa = PBXBuildFile; fileRef = 4C6208431C22439C009CCEC0 /* MJPropertyType.m */; };
		4C6208541C22439C009CCEC0 /* NSObject+MJClass.m in Sources */ = {isa = PBXBuildFile; fileRef = 4C6208451C22439C009CCEC0 /* NSObject+MJClass.m */; };
		4C6208551C22439C009CCEC0 /* NSObject+MJCoding.m in Sources */ = {isa = PBXBuildFile; fileRef = 4C6208471C22439C009CCEC0 /* NSObject+MJCoding.m */; };
		4C6208561C22439C009CCEC0 /* NSObject+MJKeyValue.m in Sources */ = {isa = PBXBuildFile; fileRef = 4C6208491C22439C009CCEC0 /* NSObject+MJKeyValue.m */; };
		4C6208571C22439C009CCEC0 /* NSObject+MJProperty.m in Sources */ = {isa = PBXBuildFile; fileRef = 4C62084B1C22439C009CCEC0 /* NSObject+MJProperty.m */; };
		4C6208581C22439C009CCEC0 /* NSString+MJExtension.m in Sources */ = {isa = PBXBuildFile; fileRef = 4C62084D1C22439C009CCEC0 /* NSString+MJExtension.m */; };
		4C6208701C2256D1009CCEC0 /* WZModelExample.m in Sources */ = {isa = PBXBuildFile; fileRef = 4C62086F1C2256D1009CCEC0 /* WZModelExample.m */; };
		4C6208851C228693009CCEC0 /* AFHTTPRequestOperation.m in Sources */ = {isa = PBXBuildFile; fileRef = 4C6208731C228693009CCEC0 /* AFHTTPRequestOperation.m */; };
		4C6208861C228693009CCEC0 /* AFHTTPRequestOperationManager.m in Sources */ = {isa = PBXBuildFile; fileRef = 4C6208751C228693009CCEC0 /* AFHTTPRequestOperationManager.m */; };
		4C6208871C228693009CCEC0 /* AFHTTPSessionManager.m in Sources */ = {isa = PBXBuildFile; fileRef = 4C6208771C228693009CCEC0 /* AFHTTPSessionManager.m */; };
		4C6208881C228693009CCEC0 /* AFNetworkReachabilityManager.m in Sources */ = {isa = PBXBuildFile; fileRef = 4C62087A1C228693009CCEC0 /* AFNetworkReachabilityManager.m */; };
		4C6208891C228693009CCEC0 /* AFSecurityPolicy.m in Sources */ = {isa = PBXBuildFile; fileRef = 4C62087C1C228693009CCEC0 /* AFSecurityPolicy.m */; };
		4C62088A1C228693009CCEC0 /* AFURLConnectionOperation.m in Sources */ = {isa = PBXBuildFile; fileRef = 4C62087E1C228693009CCEC0 /* AFURLConnectionOperation.m */; };
		4C62088B1C228693009CCEC0 /* AFURLRequestSerialization.m in Sources */ = {isa = PBXBuildFile; fileRef = 4C6208801C228693009CCEC0 /* AFURLRequestSerialization.m */; };
		4C62088C1C228693009CCEC0 /* AFURLResponseSerialization.m in Sources */ = {isa = PBXBuildFile; fileRef = 4C6208821C228693009CCEC0 /* AFURLResponseSerialization.m */; };
		4C62088D1C228693009CCEC0 /* AFURLSessionManager.m in Sources */ = {isa = PBXBuildFile; fileRef = 4C6208841C228693009CCEC0 /* AFURLSessionManager.m */; };
		4C6208901C22A6AB009CCEC0 /* AFNetworkActivityLogger.m in Sources */ = {isa = PBXBuildFile; fileRef = 4C62088F1C22A6AB009CCEC0 /* AFNetworkActivityLogger.m */; };
		4C6208971C22C23C009CCEC0 /* MBProgressHUD+MJ.m in Sources */ = {isa = PBXBuildFile; fileRef = 4C6208931C22C23C009CCEC0 /* MBProgressHUD+MJ.m */; };
		4C6208981C22C23C009CCEC0 /* MBProgressHUD.bundle in Resources */ = {isa = PBXBuildFile; fileRef = 4C6208941C22C23C009CCEC0 /* MBProgressHUD.bundle */; };
		4C6208991C22C23C009CCEC0 /* MBProgressHUD.m in Sources */ = {isa = PBXBuildFile; fileRef = 4C6208961C22C23C009CCEC0 /* MBProgressHUD.m */; };
		4C62089C1C22C313009CCEC0 /* UIViewController+HUD.m in Sources */ = {isa = PBXBuildFile; fileRef = 4C62089B1C22C313009CCEC0 /* UIViewController+HUD.m */; };
		4C6208A01C22C7CD009CCEC0 /* WZListDataModel.m in Sources */ = {isa = PBXBuildFile; fileRef = 4C62089F1C22C7CD009CCEC0 /* WZListDataModel.m */; };
		4C6208A31C22C90D009CCEC0 /* WZCommentDataModel.m in Sources */ = {isa = PBXBuildFile; fileRef = 4C6208A21C22C90D009CCEC0 /* WZCommentDataModel.m */; };
		4C6208A91C22CAF5009CCEC0 /* WZMessageDataModel.m in Sources */ = {isa = PBXBuildFile; fileRef = 4C6208A81C22CAF5009CCEC0 /* WZMessageDataModel.m */; };
		4C7C64C61C2A435F005EDED1 /* UIImage+WZImage.m in Sources */ = {isa = PBXBuildFile; fileRef = 4C7C64C51C2A435F005EDED1 /* UIImage+WZImage.m */; };
		4C7C64C91C2A4384005EDED1 /* UIColor+WZColor.m in Sources */ = {isa = PBXBuildFile; fileRef = 4C7C64C81C2A4384005EDED1 /* UIColor+WZColor.m */; };
		4CE32F411C27B1620006A940 /* UIKit.framework in Frameworks */ = {isa = PBXBuildFile; fileRef = 4CE32F401C27B1620006A940 /* UIKit.framework */; };
		4CE32F431C27D2F10006A940 /* QuartzCore.framework in Frameworks */ = {isa = PBXBuildFile; fileRef = 4CE32F421C27D2F10006A940 /* QuartzCore.framework */; };
		4CE32F491C27D8D40006A940 /* WZTextExample.m in Sources */ = {isa = PBXBuildFile; fileRef = 4CE32F481C27D8D40006A940 /* WZTextExample.m */; };
		4CE32F4C1C27DD000006A940 /* WZTextAttributes1.m in Sources */ = {isa = PBXBuildFile; fileRef = 4CE32F4B1C27DD000006A940 /* WZTextAttributes1.m */; };
		4CE32F501C27E8C80006A940 /* WZTextAttribute.m in Sources */ = {isa = PBXBuildFile; fileRef = 4CE32F4F1C27E8C80006A940 /* WZTextAttribute.m */; };
/* End PBXBuildFile section */

/* Begin PBXContainerItemProxy section */
		4C5FFF031C20FAA200A4FADD /* PBXContainerItemProxy */ = {
			isa = PBXContainerItemProxy;
			containerPortal = 4C5FFEE11C20FAA100A4FADD /* Project object */;
			proxyType = 1;
			remoteGlobalIDString = 4C5FFEE81C20FAA100A4FADD;
			remoteInfo = WZExample;
		};
		4C5FFF0E1C20FAA200A4FADD /* PBXContainerItemProxy */ = {
			isa = PBXContainerItemProxy;
			containerPortal = 4C5FFEE11C20FAA100A4FADD /* Project object */;
			proxyType = 1;
			remoteGlobalIDString = 4C5FFEE81C20FAA100A4FADD;
			remoteInfo = WZExample;
		};
/* End PBXContainerItemProxy section */

/* Begin PBXFileReference section */
		4C2478961C23DC3900D8312D /* WZImageExample.h */ = {isa = PBXFileReference; fileEncoding = 4; lastKnownFileType = sourcecode.c.h; path = WZImageExample.h; sourceTree = "<group>"; };
		4C2478971C23DC3900D8312D /* WZImageExample.m */ = {isa = PBXFileReference; fileEncoding = 4; lastKnownFileType = sourcecode.c.objc; path = WZImageExample.m; sourceTree = "<group>"; };
		4C24789B1C23F63300D8312D /* cube.png */ = {isa = PBXFileReference; lastKnownFileType = image.png; path = cube.png; sourceTree = "<group>"; };
		4C24789C1C23F63300D8312D /* mew_baseline.gif */ = {isa = PBXFileReference; lastKnownFileType = image.gif; path = mew_baseline.gif; sourceTree = "<group>"; };
		4C24789D1C23F63300D8312D /* mew_baseline.jpg */ = {isa = PBXFileReference; lastKnownFileType = image.jpeg; path = mew_baseline.jpg; sourceTree = "<group>"; };
		4C24789E1C23F63300D8312D /* mew_baseline.png */ = {isa = PBXFileReference; lastKnownFileType = image.png; path = mew_baseline.png; sourceTree = "<group>"; };
		4C24789F1C23F63300D8312D /* mew_interlaced.gif */ = {isa = PBXFileReference; lastKnownFileType = image.gif; path = mew_interlaced.gif; sourceTree = "<group>"; };
		4C2478A01C23F63300D8312D /* mew_interlaced.png */ = {isa = PBXFileReference; lastKnownFileType = image.png; path = mew_interlaced.png; sourceTree = "<group>"; };
		4C2478A11C23F63300D8312D /* mew_progressive.jpg */ = {isa = PBXFileReference; lastKnownFileType = image.jpeg; path = mew_progressive.jpg; sourceTree = "<group>"; };
		4C2478A21C23F63300D8312D /* niconiconi.gif */ = {isa = PBXFileReference; lastKnownFileType = image.gif; path = niconiconi.gif; sourceTree = "<group>"; };
		4C2478A31C23F63300D8312D /* pia.png */ = {isa = PBXFileReference; lastKnownFileType = image.png; path = pia.png; sourceTree = "<group>"; };
		4C2478A41C23F63300D8312D /* Twitter.jpg */ = {isa = PBXFileReference; lastKnownFileType = image.jpeg; path = Twitter.jpg; sourceTree = "<group>"; };
		4C2478A51C23F63300D8312D /* wall-e.webp */ = {isa = PBXFileReference; lastKnownFileType = file; path = "wall-e.webp"; sourceTree = "<group>"; };
		4C2478B11C23F6A900D8312D /* WZAnimatedImageViewController.h */ = {isa = PBXFileReference; fileEncoding = 4; lastKnownFileType = sourcecode.c.h; path = WZAnimatedImageViewController.h; sourceTree = "<group>"; };
		4C2478B21C23F6A900D8312D /* WZAnimatedImageViewController.m */ = {isa = PBXFileReference; fileEncoding = 4; lastKnownFileType = sourcecode.c.objc; path = WZAnimatedImageViewController.m; sourceTree = "<group>"; };
		4C2478BA1C23FA3D00D8312D /* UIView+HandyAutoLayout.h */ = {isa = PBXFileReference; fileEncoding = 4; lastKnownFileType = sourcecode.c.h; path = "UIView+HandyAutoLayout.h"; sourceTree = "<group>"; };
		4C2478BB1C23FA3D00D8312D /* UIView+HandyAutoLayout.m */ = {isa = PBXFileReference; fileEncoding = 4; lastKnownFileType = sourcecode.c.objc; path = "UIView+HandyAutoLayout.m"; sourceTree = "<group>"; };
		4C2478BC1C23FA3D00D8312D /* UIView+LayoutMethods.h */ = {isa = PBXFileReference; fileEncoding = 4; lastKnownFileType = sourcecode.c.h; path = "UIView+LayoutMethods.h"; sourceTree = "<group>"; };
		4C2478BD1C23FA3D00D8312D /* UIView+LayoutMethods.m */ = {isa = PBXFileReference; fileEncoding = 4; lastKnownFileType = sourcecode.c.objc; path = "UIView+LayoutMethods.m"; sourceTree = "<group>"; };
		4C2478C71C23FCC300D8312D /* WZHeaderDefine.h */ = {isa = PBXFileReference; lastKnownFileType = sourcecode.c.h; path = WZHeaderDefine.h; sourceTree = "<group>"; };
		4C4928931C2A752800039DA3 /* WZImage.h */ = {isa = PBXFileReference; fileEncoding = 4; lastKnownFileType = sourcecode.c.h; path = WZImage.h; sourceTree = "<group>"; };
		4C4928941C2A752800039DA3 /* WZImage.m */ = {isa = PBXFileReference; fileEncoding = 4; lastKnownFileType = sourcecode.c.objc; path = WZImage.m; sourceTree = "<group>"; };
		4C49289A1C2A815300039DA3 /* YYImageCoder.h */ = {isa = PBXFileReference; fileEncoding = 4; lastKnownFileType = sourcecode.c.h; path = YYImageCoder.h; sourceTree = "<group>"; };
		4C49289B1C2A815300039DA3 /* YYImageCoder.m */ = {isa = PBXFileReference; fileEncoding = 4; lastKnownFileType = sourcecode.c.objc; path = YYImageCoder.m; sourceTree = "<group>"; };
		4C49289D1C2A845C00039DA3 /* WZAnimatedImageView.h */ = {isa = PBXFileReference; fileEncoding = 4; lastKnownFileType = sourcecode.c.h; path = WZAnimatedImageView.h; sourceTree = "<group>"; };
		4C49289E1C2A845C00039DA3 /* WZAnimatedImageView.m */ = {isa = PBXFileReference; fileEncoding = 4; lastKnownFileType = sourcecode.c.objc; path = WZAnimatedImageView.m; sourceTree = "<group>"; };
		4C4AAC291C28F756009BDA93 /* NSAttributedString+WZAttributedString.h */ = {isa = PBXFileReference; fileEncoding = 4; lastKnownFileType = sourcecode.c.h; path = "NSAttributedString+WZAttributedString.h"; sourceTree = "<group>"; };
		4C4AAC2A1C28F756009BDA93 /* NSAttributedString+WZAttributedString.m */ = {isa = PBXFileReference; fileEncoding = 4; lastKnownFileType = sourcecode.c.objc; path = "NSAttributedString+WZAttributedString.m"; sourceTree = "<group>"; };
		4C5FFEE91C20FAA100A4FADD /* WZExample.app */ = {isa = PBXFileReference; explicitFileType = wrapper.application; includeInIndex = 0; path = WZExample.app; sourceTree = BUILT_PRODUCTS_DIR; };
		4C5FFEED1C20FAA100A4FADD /* main.m */ = {isa = PBXFileReference; lastKnownFileType = sourcecode.c.objc; path = main.m; sourceTree = "<group>"; };
		4C5FFEF81C20FAA200A4FADD /* Assets.xcassets */ = {isa = PBXFileReference; lastKnownFileType = folder.assetcatalog; path = Assets.xcassets; sourceTree = "<group>"; };
		4C5FFEFB1C20FAA200A4FADD /* Base */ = {isa = PBXFileReference; lastKnownFileType = file.storyboard; name = Base; path = Base.lproj/LaunchScreen.storyboard; sourceTree = "<group>"; };
		4C5FFEFD1C20FAA200A4FADD /* Info.plist */ = {isa = PBXFileReference; lastKnownFileType = text.plist.xml; path = Info.plist; sourceTree = "<group>"; };
		4C5FFF021C20FAA200A4FADD /* WZExampleTests.xctest */ = {isa = PBXFileReference; explicitFileType = wrapper.cfbundle; includeInIndex = 0; path = WZExampleTests.xctest; sourceTree = BUILT_PRODUCTS_DIR; };
		4C5FFF061C20FAA200A4FADD /* WZExampleTests.m */ = {isa = PBXFileReference; lastKnownFileType = sourcecode.c.objc; path = WZExampleTests.m; sourceTree = "<group>"; };
		4C5FFF081C20FAA200A4FADD /* Info.plist */ = {isa = PBXFileReference; lastKnownFileType = text.plist.xml; path = Info.plist; sourceTree = "<group>"; };
		4C5FFF0D1C20FAA200A4FADD /* WZExampleUITests.xctest */ = {isa = PBXFileReference; explicitFileType = wrapper.cfbundle; includeInIndex = 0; path = WZExampleUITests.xctest; sourceTree = BUILT_PRODUCTS_DIR; };
		4C5FFF111C20FAA200A4FADD /* WZExampleUITests.m */ = {isa = PBXFileReference; lastKnownFileType = sourcecode.c.objc; path = WZExampleUITests.m; sourceTree = "<group>"; };
		4C5FFF131C20FAA200A4FADD /* Info.plist */ = {isa = PBXFileReference; lastKnownFileType = text.plist.xml; path = Info.plist; sourceTree = "<group>"; };
		4C5FFF251C21343300A4FADD /* AppDelegate.h */ = {isa = PBXFileReference; fileEncoding = 4; lastKnownFileType = sourcecode.c.h; path = AppDelegate.h; sourceTree = "<group>"; };
		4C5FFF261C21343300A4FADD /* AppDelegate.m */ = {isa = PBXFileReference; fileEncoding = 4; lastKnownFileType = sourcecode.c.objc; path = AppDelegate.m; sourceTree = "<group>"; };
		4C5FFF291C21343300A4FADD /* WZNavigationController.h */ = {isa = PBXFileReference; fileEncoding = 4; lastKnownFileType = sourcecode.c.h; path = WZNavigationController.h; sourceTree = "<group>"; };
		4C5FFF2A1C21343300A4FADD /* WZNavigationController.m */ = {isa = PBXFileReference; fileEncoding = 4; lastKnownFileType = sourcecode.c.objc; path = WZNavigationController.m; sourceTree = "<group>"; };
		4C5FFF2E1C21346A00A4FADD /* WZTableViewController.h */ = {isa = PBXFileReference; fileEncoding = 4; lastKnownFileType = sourcecode.c.h; path = WZTableViewController.h; sourceTree = "<group>"; };
		4C5FFF2F1C21346A00A4FADD /* WZTableViewController.m */ = {isa = PBXFileReference; fileEncoding = 4; lastKnownFileType = sourcecode.c.objc; path = WZTableViewController.m; sourceTree = "<group>"; };
		4C5FFF311C213B9E00A4FADD /* Foundation.framework */ = {isa = PBXFileReference; lastKnownFileType = wrapper.framework; name = Foundation.framework; path = System/Library/Frameworks/Foundation.framework; sourceTree = SDKROOT; };
		4C6208371C22439C009CCEC0 /* MJDictionaryCache.h */ = {isa = PBXFileReference; fileEncoding = 4; lastKnownFileType = sourcecode.c.h; path = MJDictionaryCache.h; sourceTree = "<group>"; };
		4C6208381C22439C009CCEC0 /* MJDictionaryCache.m */ = {isa = PBXFileReference; fileEncoding = 4; lastKnownFileType = sourcecode.c.objc; path = MJDictionaryCache.m; sourceTree = "<group>"; };
		4C6208391C22439C009CCEC0 /* MJExtension.h */ = {isa = PBXFileReference; fileEncoding = 4; lastKnownFileType = sourcecode.c.h; path = MJExtension.h; sourceTree = "<group>"; };
		4C62083A1C22439C009CCEC0 /* MJExtensionConst.h */ = {isa = PBXFileReference; fileEncoding = 4; lastKnownFileType = sourcecode.c.h; path = MJExtensionConst.h; sourceTree = "<group>"; };
		4C62083B1C22439C009CCEC0 /* MJExtensionConst.m */ = {isa = PBXFileReference; fileEncoding = 4; lastKnownFileType = sourcecode.c.objc; path = MJExtensionConst.m; sourceTree = "<group>"; };
		4C62083C1C22439C009CCEC0 /* MJFoundation.h */ = {isa = PBXFileReference; fileEncoding = 4; lastKnownFileType = sourcecode.c.h; path = MJFoundation.h; sourceTree = "<group>"; };
		4C62083D1C22439C009CCEC0 /* MJFoundation.m */ = {isa = PBXFileReference; fileEncoding = 4; lastKnownFileType = sourcecode.c.objc; path = MJFoundation.m; sourceTree = "<group>"; };
		4C62083E1C22439C009CCEC0 /* MJProperty.h */ = {isa = PBXFileReference; fileEncoding = 4; lastKnownFileType = sourcecode.c.h; path = MJProperty.h; sourceTree = "<group>"; };
		4C62083F1C22439C009CCEC0 /* MJProperty.m */ = {isa = PBXFileReference; fileEncoding = 4; lastKnownFileType = sourcecode.c.objc; path = MJProperty.m; sourceTree = "<group>"; };
		4C6208401C22439C009CCEC0 /* MJPropertyKey.h */ = {isa = PBXFileReference; fileEncoding = 4; lastKnownFileType = sourcecode.c.h; path = MJPropertyKey.h; sourceTree = "<group>"; };
		4C6208411C22439C009CCEC0 /* MJPropertyKey.m */ = {isa = PBXFileReference; fileEncoding = 4; lastKnownFileType = sourcecode.c.objc; path = MJPropertyKey.m; sourceTree = "<group>"; };
		4C6208421C22439C009CCEC0 /* MJPropertyType.h */ = {isa = PBXFileReference; fileEncoding = 4; lastKnownFileType = sourcecode.c.h; path = MJPropertyType.h; sourceTree = "<group>"; };
		4C6208431C22439C009CCEC0 /* MJPropertyType.m */ = {isa = PBXFileReference; fileEncoding = 4; lastKnownFileType = sourcecode.c.objc; path = MJPropertyType.m; sourceTree = "<group>"; };
		4C6208441C22439C009CCEC0 /* NSObject+MJClass.h */ = {isa = PBXFileReference; fileEncoding = 4; lastKnownFileType = sourcecode.c.h; path = "NSObject+MJClass.h"; sourceTree = "<group>"; };
		4C6208451C22439C009CCEC0 /* NSObject+MJClass.m */ = {isa = PBXFileReference; fileEncoding = 4; lastKnownFileType = sourcecode.c.objc; path = "NSObject+MJClass.m"; sourceTree = "<group>"; };
		4C6208461C22439C009CCEC0 /* NSObject+MJCoding.h */ = {isa = PBXFileReference; fileEncoding = 4; lastKnownFileType = sourcecode.c.h; path = "NSObject+MJCoding.h"; sourceTree = "<group>"; };
		4C6208471C22439C009CCEC0 /* NSObject+MJCoding.m */ = {isa = PBXFileReference; fileEncoding = 4; lastKnownFileType = sourcecode.c.objc; path = "NSObject+MJCoding.m"; sourceTree = "<group>"; };
		4C6208481C22439C009CCEC0 /* NSObject+MJKeyValue.h */ = {isa = PBXFileReference; fileEncoding = 4; lastKnownFileType = sourcecode.c.h; path = "NSObject+MJKeyValue.h"; sourceTree = "<group>"; };
		4C6208491C22439C009CCEC0 /* NSObject+MJKeyValue.m */ = {isa = PBXFileReference; fileEncoding = 4; lastKnownFileType = sourcecode.c.objc; path = "NSObject+MJKeyValue.m"; sourceTree = "<group>"; };
		4C62084A1C22439C009CCEC0 /* NSObject+MJProperty.h */ = {isa = PBXFileReference; fileEncoding = 4; lastKnownFileType = sourcecode.c.h; path = "NSObject+MJProperty.h"; sourceTree = "<group>"; };
		4C62084B1C22439C009CCEC0 /* NSObject+MJProperty.m */ = {isa = PBXFileReference; fileEncoding = 4; lastKnownFileType = sourcecode.c.objc; path = "NSObject+MJProperty.m"; sourceTree = "<group>"; };
		4C62084C1C22439C009CCEC0 /* NSString+MJExtension.h */ = {isa = PBXFileReference; fileEncoding = 4; lastKnownFileType = sourcecode.c.h; path = "NSString+MJExtension.h"; sourceTree = "<group>"; };
		4C62084D1C22439C009CCEC0 /* NSString+MJExtension.m */ = {isa = PBXFileReference; fileEncoding = 4; lastKnownFileType = sourcecode.c.objc; path = "NSString+MJExtension.m"; sourceTree = "<group>"; };
		4C62086E1C2256D1009CCEC0 /* WZModelExample.h */ = {isa = PBXFileReference; fileEncoding = 4; lastKnownFileType = sourcecode.c.h; path = WZModelExample.h; sourceTree = "<group>"; };
		4C62086F1C2256D1009CCEC0 /* WZModelExample.m */ = {isa = PBXFileReference; fileEncoding = 4; lastKnownFileType = sourcecode.c.objc; path = WZModelExample.m; sourceTree = "<group>"; };
		4C6208721C228693009CCEC0 /* AFHTTPRequestOperation.h */ = {isa = PBXFileReference; fileEncoding = 4; lastKnownFileType = sourcecode.c.h; path = AFHTTPRequestOperation.h; sourceTree = "<group>"; };
		4C6208731C228693009CCEC0 /* AFHTTPRequestOperation.m */ = {isa = PBXFileReference; fileEncoding = 4; lastKnownFileType = sourcecode.c.objc; path = AFHTTPRequestOperation.m; sourceTree = "<group>"; };
		4C6208741C228693009CCEC0 /* AFHTTPRequestOperationManager.h */ = {isa = PBXFileReference; fileEncoding = 4; lastKnownFileType = sourcecode.c.h; path = AFHTTPRequestOperationManager.h; sourceTree = "<group>"; };
		4C6208751C228693009CCEC0 /* AFHTTPRequestOperationManager.m */ = {isa = PBXFileReference; fileEncoding = 4; lastKnownFileType = sourcecode.c.objc; path = AFHTTPRequestOperationManager.m; sourceTree = "<group>"; };
		4C6208761C228693009CCEC0 /* AFHTTPSessionManager.h */ = {isa = PBXFileReference; fileEncoding = 4; lastKnownFileType = sourcecode.c.h; path = AFHTTPSessionManager.h; sourceTree = "<group>"; };
		4C6208771C228693009CCEC0 /* AFHTTPSessionManager.m */ = {isa = PBXFileReference; fileEncoding = 4; lastKnownFileType = sourcecode.c.objc; path = AFHTTPSessionManager.m; sourceTree = "<group>"; };
		4C6208781C228693009CCEC0 /* AFNetworking.h */ = {isa = PBXFileReference; fileEncoding = 4; lastKnownFileType = sourcecode.c.h; path = AFNetworking.h; sourceTree = "<group>"; };
		4C6208791C228693009CCEC0 /* AFNetworkReachabilityManager.h */ = {isa = PBXFileReference; fileEncoding = 4; lastKnownFileType = sourcecode.c.h; path = AFNetworkReachabilityManager.h; sourceTree = "<group>"; };
		4C62087A1C228693009CCEC0 /* AFNetworkReachabilityManager.m */ = {isa = PBXFileReference; fileEncoding = 4; lastKnownFileType = sourcecode.c.objc; path = AFNetworkReachabilityManager.m; sourceTree = "<group>"; };
		4C62087B1C228693009CCEC0 /* AFSecurityPolicy.h */ = {isa = PBXFileReference; fileEncoding = 4; lastKnownFileType = sourcecode.c.h; path = AFSecurityPolicy.h; sourceTree = "<group>"; };
		4C62087C1C228693009CCEC0 /* AFSecurityPolicy.m */ = {isa = PBXFileReference; fileEncoding = 4; lastKnownFileType = sourcecode.c.objc; path = AFSecurityPolicy.m; sourceTree = "<group>"; };
		4C62087D1C228693009CCEC0 /* AFURLConnectionOperation.h */ = {isa = PBXFileReference; fileEncoding = 4; lastKnownFileType = sourcecode.c.h; path = AFURLConnectionOperation.h; sourceTree = "<group>"; };
		4C62087E1C228693009CCEC0 /* AFURLConnectionOperation.m */ = {isa = PBXFileReference; fileEncoding = 4; lastKnownFileType = sourcecode.c.objc; path = AFURLConnectionOperation.m; sourceTree = "<group>"; };
		4C62087F1C228693009CCEC0 /* AFURLRequestSerialization.h */ = {isa = PBXFileReference; fileEncoding = 4; lastKnownFileType = sourcecode.c.h; path = AFURLRequestSerialization.h; sourceTree = "<group>"; };
		4C6208801C228693009CCEC0 /* AFURLRequestSerialization.m */ = {isa = PBXFileReference; fileEncoding = 4; lastKnownFileType = sourcecode.c.objc; path = AFURLRequestSerialization.m; sourceTree = "<group>"; };
		4C6208811C228693009CCEC0 /* AFURLResponseSerialization.h */ = {isa = PBXFileReference; fileEncoding = 4; lastKnownFileType = sourcecode.c.h; path = AFURLResponseSerialization.h; sourceTree = "<group>"; };
		4C6208821C228693009CCEC0 /* AFURLResponseSerialization.m */ = {isa = PBXFileReference; fileEncoding = 4; lastKnownFileType = sourcecode.c.objc; path = AFURLResponseSerialization.m; sourceTree = "<group>"; };
		4C6208831C228693009CCEC0 /* AFURLSessionManager.h */ = {isa = PBXFileReference; fileEncoding = 4; lastKnownFileType = sourcecode.c.h; path = AFURLSessionManager.h; sourceTree = "<group>"; };
		4C6208841C228693009CCEC0 /* AFURLSessionManager.m */ = {isa = PBXFileReference; fileEncoding = 4; lastKnownFileType = sourcecode.c.objc; path = AFURLSessionManager.m; sourceTree = "<group>"; };
		4C62088E1C22A6AB009CCEC0 /* AFNetworkActivityLogger.h */ = {isa = PBXFileReference; fileEncoding = 4; lastKnownFileType = sourcecode.c.h; path = AFNetworkActivityLogger.h; sourceTree = "<group>"; };
		4C62088F1C22A6AB009CCEC0 /* AFNetworkActivityLogger.m */ = {isa = PBXFileReference; fileEncoding = 4; lastKnownFileType = sourcecode.c.objc; path = AFNetworkActivityLogger.m; sourceTree = "<group>"; };
		4C6208921C22C23C009CCEC0 /* MBProgressHUD+MJ.h */ = {isa = PBXFileReference; fileEncoding = 4; lastKnownFileType = sourcecode.c.h; path = "MBProgressHUD+MJ.h"; sourceTree = "<group>"; };
		4C6208931C22C23C009CCEC0 /* MBProgressHUD+MJ.m */ = {isa = PBXFileReference; fileEncoding = 4; lastKnownFileType = sourcecode.c.objc; path = "MBProgressHUD+MJ.m"; sourceTree = "<group>"; };
		4C6208941C22C23C009CCEC0 /* MBProgressHUD.bundle */ = {isa = PBXFileReference; lastKnownFileType = "wrapper.plug-in"; path = MBProgressHUD.bundle; sourceTree = "<group>"; };
		4C6208951C22C23C009CCEC0 /* MBProgressHUD.h */ = {isa = PBXFileReference; fileEncoding = 4; lastKnownFileType = sourcecode.c.h; path = MBProgressHUD.h; sourceTree = "<group>"; };
		4C6208961C22C23C009CCEC0 /* MBProgressHUD.m */ = {isa = PBXFileReference; fileEncoding = 4; lastKnownFileType = sourcecode.c.objc; path = MBProgressHUD.m; sourceTree = "<group>"; };
		4C62089A1C22C313009CCEC0 /* UIViewController+HUD.h */ = {isa = PBXFileReference; fileEncoding = 4; lastKnownFileType = sourcecode.c.h; path = "UIViewController+HUD.h"; sourceTree = "<group>"; };
		4C62089B1C22C313009CCEC0 /* UIViewController+HUD.m */ = {isa = PBXFileReference; fileEncoding = 4; lastKnownFileType = sourcecode.c.objc; path = "UIViewController+HUD.m"; sourceTree = "<group>"; };
		4C62089E1C22C7CD009CCEC0 /* WZListDataModel.h */ = {isa = PBXFileReference; fileEncoding = 4; lastKnownFileType = sourcecode.c.h; path = WZListDataModel.h; sourceTree = "<group>"; };
		4C62089F1C22C7CD009CCEC0 /* WZListDataModel.m */ = {isa = PBXFileReference; fileEncoding = 4; lastKnownFileType = sourcecode.c.objc; path = WZListDataModel.m; sourceTree = "<group>"; };
		4C6208A11C22C90D009CCEC0 /* WZCommentDataModel.h */ = {isa = PBXFileReference; fileEncoding = 4; lastKnownFileType = sourcecode.c.h; path = WZCommentDataModel.h; sourceTree = "<group>"; };
		4C6208A21C22C90D009CCEC0 /* WZCommentDataModel.m */ = {isa = PBXFileReference; fileEncoding = 4; lastKnownFileType = sourcecode.c.objc; path = WZCommentDataModel.m; sourceTree = "<group>"; };
		4C6208A71C22CAF5009CCEC0 /* WZMessageDataModel.h */ = {isa = PBXFileReference; fileEncoding = 4; lastKnownFileType = sourcecode.c.h; path = WZMessageDataModel.h; sourceTree = "<group>"; };
		4C6208A81C22CAF5009CCEC0 /* WZMessageDataModel.m */ = {isa = PBXFileReference; fileEncoding = 4; lastKnownFileType = sourcecode.c.objc; path = WZMessageDataModel.m; sourceTree = "<group>"; };
		4C7C64C41C2A435F005EDED1 /* UIImage+WZImage.h */ = {isa = PBXFileReference; fileEncoding = 4; lastKnownFileType = sourcecode.c.h; path = "UIImage+WZImage.h"; sourceTree = "<group>"; };
		4C7C64C51C2A435F005EDED1 /* UIImage+WZImage.m */ = {isa = PBXFileReference; fileEncoding = 4; lastKnownFileType = sourcecode.c.objc; path = "UIImage+WZImage.m"; sourceTree = "<group>"; };
		4C7C64C71C2A4384005EDED1 /* UIColor+WZColor.h */ = {isa = PBXFileReference; fileEncoding = 4; lastKnownFileType = sourcecode.c.h; path = "UIColor+WZColor.h"; sourceTree = "<group>"; };
		4C7C64C81C2A4384005EDED1 /* UIColor+WZColor.m */ = {isa = PBXFileReference; fileEncoding = 4; lastKnownFileType = sourcecode.c.objc; path = "UIColor+WZColor.m"; sourceTree = "<group>"; };
		4CE32F401C27B1620006A940 /* UIKit.framework */ = {isa = PBXFileReference; lastKnownFileType = wrapper.framework; name = UIKit.framework; path = System/Library/Frameworks/UIKit.framework; sourceTree = SDKROOT; };
		4CE32F421C27D2F10006A940 /* QuartzCore.framework */ = {isa = PBXFileReference; lastKnownFileType = wrapper.framework; name = QuartzCore.framework; path = System/Library/Frameworks/QuartzCore.framework; sourceTree = SDKROOT; };
		4CE32F471C27D8D40006A940 /* WZTextExample.h */ = {isa = PBXFileReference; fileEncoding = 4; lastKnownFileType = sourcecode.c.h; path = WZTextExample.h; sourceTree = "<group>"; };
		4CE32F481C27D8D40006A940 /* WZTextExample.m */ = {isa = PBXFileReference; fileEncoding = 4; lastKnownFileType = sourcecode.c.objc; path = WZTextExample.m; sourceTree = "<group>"; };
		4CE32F4A1C27DD000006A940 /* WZTextAttributes1.h */ = {isa = PBXFileReference; fileEncoding = 4; lastKnownFileType = sourcecode.c.h; path = WZTextAttributes1.h; sourceTree = "<group>"; };
		4CE32F4B1C27DD000006A940 /* WZTextAttributes1.m */ = {isa = PBXFileReference; fileEncoding = 4; lastKnownFileType = sourcecode.c.objc; path = WZTextAttributes1.m; sourceTree = "<group>"; };
		4CE32F4E1C27E8C80006A940 /* WZTextAttribute.h */ = {isa = PBXFileReference; fileEncoding = 4; lastKnownFileType = sourcecode.c.h; path = WZTextAttribute.h; sourceTree = "<group>"; };
		4CE32F4F1C27E8C80006A940 /* WZTextAttribute.m */ = {isa = PBXFileReference; fileEncoding = 4; lastKnownFileType = sourcecode.c.objc; path = WZTextAttribute.m; sourceTree = "<group>"; };
/* End PBXFileReference section */

/* Begin PBXFrameworksBuildPhase section */
		4C5FFEE61C20FAA100A4FADD /* Frameworks */ = {
			isa = PBXFrameworksBuildPhase;
			buildActionMask = 2147483647;
			files = (
				4CE32F431C27D2F10006A940 /* QuartzCore.framework in Frameworks */,
				4CE32F411C27B1620006A940 /* UIKit.framework in Frameworks */,
				4C5FFF341C213C1600A4FADD /* Foundation.framework in Frameworks */,
			);
			runOnlyForDeploymentPostprocessing = 0;
		};
		4C5FFEFF1C20FAA200A4FADD /* Frameworks */ = {
			isa = PBXFrameworksBuildPhase;
			buildActionMask = 2147483647;
			files = (
			);
			runOnlyForDeploymentPostprocessing = 0;
		};
		4C5FFF0A1C20FAA200A4FADD /* Frameworks */ = {
			isa = PBXFrameworksBuildPhase;
			buildActionMask = 2147483647;
			files = (
			);
			runOnlyForDeploymentPostprocessing = 0;
		};
/* End PBXFrameworksBuildPhase section */

/* Begin PBXGroup section */
		4C2478951C23DC1A00D8312D /* WZImage */ = {
			isa = PBXGroup;
			children = (
				4C2478961C23DC3900D8312D /* WZImageExample.h */,
				4C2478971C23DC3900D8312D /* WZImageExample.m */,
				4C2478B11C23F6A900D8312D /* WZAnimatedImageViewController.h */,
				4C2478B21C23F6A900D8312D /* WZAnimatedImageViewController.m */,
			);
			path = WZImage;
			sourceTree = "<group>";
		};
		4C24789A1C23F63300D8312D /* WZResource */ = {
			isa = PBXGroup;
			children = (
				4C24789B1C23F63300D8312D /* cube.png */,
				4C24789C1C23F63300D8312D /* mew_baseline.gif */,
				4C24789D1C23F63300D8312D /* mew_baseline.jpg */,
				4C24789E1C23F63300D8312D /* mew_baseline.png */,
				4C24789F1C23F63300D8312D /* mew_interlaced.gif */,
				4C2478A01C23F63300D8312D /* mew_interlaced.png */,
				4C2478A11C23F63300D8312D /* mew_progressive.jpg */,
				4C2478A21C23F63300D8312D /* niconiconi.gif */,
				4C2478A31C23F63300D8312D /* pia.png */,
				4C2478A41C23F63300D8312D /* Twitter.jpg */,
				4C2478A51C23F63300D8312D /* wall-e.webp */,
			);
			path = WZResource;
			sourceTree = "<group>";
		};
		4C2478B41C23FA3D00D8312D /* HandyAutoLayout */ = {
			isa = PBXGroup;
			children = (
				4C2478BA1C23FA3D00D8312D /* UIView+HandyAutoLayout.h */,
				4C2478BB1C23FA3D00D8312D /* UIView+HandyAutoLayout.m */,
				4C2478BC1C23FA3D00D8312D /* UIView+LayoutMethods.h */,
				4C2478BD1C23FA3D00D8312D /* UIView+LayoutMethods.m */,
			);
			path = HandyAutoLayout;
			sourceTree = "<group>";
		};
		4C5FFEE01C20FAA100A4FADD = {
			isa = PBXGroup;
			children = (
				4C5FFEEB1C20FAA100A4FADD /* WZExample */,
				4C5FFF051C20FAA200A4FADD /* WZExampleTests */,
				4C5FFF101C20FAA200A4FADD /* WZExampleUITests */,
				4C5FFEEA1C20FAA100A4FADD /* Products */,
				4C5FFF331C213C0700A4FADD /* Frameworks */,
			);
			sourceTree = "<group>";
		};
		4C5FFEEA1C20FAA100A4FADD /* Products */ = {
			isa = PBXGroup;
			children = (
				4C5FFEE91C20FAA100A4FADD /* WZExample.app */,
				4C5FFF021C20FAA200A4FADD /* WZExampleTests.xctest */,
				4C5FFF0D1C20FAA200A4FADD /* WZExampleUITests.xctest */,
			);
			name = Products;
			sourceTree = "<group>";
		};
		4C5FFEEB1C20FAA100A4FADD /* WZExample */ = {
			isa = PBXGroup;
			children = (
				4C6208351C22436A009CCEC0 /* WZKit */,
				4C5FFF241C21343300A4FADD /* WZDemo */,
				4C5FFEF81C20FAA200A4FADD /* Assets.xcassets */,
				4C5FFEFA1C20FAA200A4FADD /* LaunchScreen.storyboard */,
				4C5FFEEC1C20FAA100A4FADD /* Supporting Files */,
			);
			path = WZExample;
			sourceTree = "<group>";
		};
		4C5FFEEC1C20FAA100A4FADD /* Supporting Files */ = {
			isa = PBXGroup;
			children = (
				4C5FFEFD1C20FAA200A4FADD /* Info.plist */,
				4C5FFEED1C20FAA100A4FADD /* main.m */,
				4C2478C71C23FCC300D8312D /* WZHeaderDefine.h */,
			);
			name = "Supporting Files";
			sourceTree = "<group>";
		};
		4C5FFF051C20FAA200A4FADD /* WZExampleTests */ = {
			isa = PBXGroup;
			children = (
				4C5FFF061C20FAA200A4FADD /* WZExampleTests.m */,
				4C5FFF081C20FAA200A4FADD /* Info.plist */,
			);
			path = WZExampleTests;
			sourceTree = "<group>";
		};
		4C5FFF101C20FAA200A4FADD /* WZExampleUITests */ = {
			isa = PBXGroup;
			children = (
				4C5FFF111C20FAA200A4FADD /* WZExampleUITests.m */,
				4C5FFF131C20FAA200A4FADD /* Info.plist */,
			);
			path = WZExampleUITests;
			sourceTree = "<group>";
		};
		4C5FFF241C21343300A4FADD /* WZDemo */ = {
			isa = PBXGroup;
			children = (
				4CE32F461C27D8AA0006A940 /* WZText */,
				4C24789A1C23F63300D8312D /* WZResource */,
				4C2478951C23DC1A00D8312D /* WZImage */,
				4C62086D1C2256B9009CCEC0 /* WZModel */,
				4C5FFF251C21343300A4FADD /* AppDelegate.h */,
				4C5FFF261C21343300A4FADD /* AppDelegate.m */,
				4C5FFF291C21343300A4FADD /* WZNavigationController.h */,
				4C5FFF2A1C21343300A4FADD /* WZNavigationController.m */,
				4C5FFF2E1C21346A00A4FADD /* WZTableViewController.h */,
				4C5FFF2F1C21346A00A4FADD /* WZTableViewController.m */,
			);
			path = WZDemo;
			sourceTree = "<group>";
		};
		4C5FFF331C213C0700A4FADD /* Frameworks */ = {
			isa = PBXGroup;
			children = (
				4CE32F421C27D2F10006A940 /* QuartzCore.framework */,
				4CE32F401C27B1620006A940 /* UIKit.framework */,
				4C5FFF311C213B9E00A4FADD /* Foundation.framework */,
			);
			path = Frameworks;
			sourceTree = "<group>";
		};
		4C6208351C22436A009CCEC0 /* WZKit */ = {
			isa = PBXGroup;
			children = (
				4CE32F4D1C27E8A10006A940 /* WZTextKit */,
				4C2478B41C23FA3D00D8312D /* HandyAutoLayout */,
				4C6208911C22C23C009CCEC0 /* MBProgressHUD */,
				4C6208711C228693009CCEC0 /* AFNetworking */,
				4C6208361C22439C009CCEC0 /* MJExtension */,
			);
			path = WZKit;
			sourceTree = "<group>";
		};
		4C6208361C22439C009CCEC0 /* MJExtension */ = {
			isa = PBXGroup;
			children = (
				4C6208371C22439C009CCEC0 /* MJDictionaryCache.h */,
				4C6208381C22439C009CCEC0 /* MJDictionaryCache.m */,
				4C6208391C22439C009CCEC0 /* MJExtension.h */,
				4C62083A1C22439C009CCEC0 /* MJExtensionConst.h */,
				4C62083B1C22439C009CCEC0 /* MJExtensionConst.m */,
				4C62083C1C22439C009CCEC0 /* MJFoundation.h */,
				4C62083D1C22439C009CCEC0 /* MJFoundation.m */,
				4C62083E1C22439C009CCEC0 /* MJProperty.h */,
				4C62083F1C22439C009CCEC0 /* MJProperty.m */,
				4C6208401C22439C009CCEC0 /* MJPropertyKey.h */,
				4C6208411C22439C009CCEC0 /* MJPropertyKey.m */,
				4C6208421C22439C009CCEC0 /* MJPropertyType.h */,
				4C6208431C22439C009CCEC0 /* MJPropertyType.m */,
				4C6208441C22439C009CCEC0 /* NSObject+MJClass.h */,
				4C6208451C22439C009CCEC0 /* NSObject+MJClass.m */,
				4C6208461C22439C009CCEC0 /* NSObject+MJCoding.h */,
				4C6208471C22439C009CCEC0 /* NSObject+MJCoding.m */,
				4C6208481C22439C009CCEC0 /* NSObject+MJKeyValue.h */,
				4C6208491C22439C009CCEC0 /* NSObject+MJKeyValue.m */,
				4C62084A1C22439C009CCEC0 /* NSObject+MJProperty.h */,
				4C62084B1C22439C009CCEC0 /* NSObject+MJProperty.m */,
				4C62084C1C22439C009CCEC0 /* NSString+MJExtension.h */,
				4C62084D1C22439C009CCEC0 /* NSString+MJExtension.m */,
			);
			path = MJExtension;
			sourceTree = "<group>";
		};
		4C62086D1C2256B9009CCEC0 /* WZModel */ = {
			isa = PBXGroup;
			children = (
				4C62089D1C22C7A4009CCEC0 /* DataModel */,
				4C62086E1C2256D1009CCEC0 /* WZModelExample.h */,
				4C62086F1C2256D1009CCEC0 /* WZModelExample.m */,
			);
			path = WZModel;
			sourceTree = "<group>";
		};
		4C6208711C228693009CCEC0 /* AFNetworking */ = {
			isa = PBXGroup;
			children = (
				4C62088E1C22A6AB009CCEC0 /* AFNetworkActivityLogger.h */,
				4C62088F1C22A6AB009CCEC0 /* AFNetworkActivityLogger.m */,
				4C6208721C228693009CCEC0 /* AFHTTPRequestOperation.h */,
				4C6208731C228693009CCEC0 /* AFHTTPRequestOperation.m */,
				4C6208741C228693009CCEC0 /* AFHTTPRequestOperationManager.h */,
				4C6208751C228693009CCEC0 /* AFHTTPRequestOperationManager.m */,
				4C6208761C228693009CCEC0 /* AFHTTPSessionManager.h */,
				4C6208771C228693009CCEC0 /* AFHTTPSessionManager.m */,
				4C6208781C228693009CCEC0 /* AFNetworking.h */,
				4C6208791C228693009CCEC0 /* AFNetworkReachabilityManager.h */,
				4C62087A1C228693009CCEC0 /* AFNetworkReachabilityManager.m */,
				4C62087B1C228693009CCEC0 /* AFSecurityPolicy.h */,
				4C62087C1C228693009CCEC0 /* AFSecurityPolicy.m */,
				4C62087D1C228693009CCEC0 /* AFURLConnectionOperation.h */,
				4C62087E1C228693009CCEC0 /* AFURLConnectionOperation.m */,
				4C62087F1C228693009CCEC0 /* AFURLRequestSerialization.h */,
				4C6208801C228693009CCEC0 /* AFURLRequestSerialization.m */,
				4C6208811C228693009CCEC0 /* AFURLResponseSerialization.h */,
				4C6208821C228693009CCEC0 /* AFURLResponseSerialization.m */,
				4C6208831C228693009CCEC0 /* AFURLSessionManager.h */,
				4C6208841C228693009CCEC0 /* AFURLSessionManager.m */,
			);
			path = AFNetworking;
			sourceTree = "<group>";
		};
		4C6208911C22C23C009CCEC0 /* MBProgressHUD */ = {
			isa = PBXGroup;
			children = (
				4C62089A1C22C313009CCEC0 /* UIViewController+HUD.h */,
				4C62089B1C22C313009CCEC0 /* UIViewController+HUD.m */,
				4C6208921C22C23C009CCEC0 /* MBProgressHUD+MJ.h */,
				4C6208931C22C23C009CCEC0 /* MBProgressHUD+MJ.m */,
				4C6208941C22C23C009CCEC0 /* MBProgressHUD.bundle */,
				4C6208951C22C23C009CCEC0 /* MBProgressHUD.h */,
				4C6208961C22C23C009CCEC0 /* MBProgressHUD.m */,
			);
			path = MBProgressHUD;
			sourceTree = "<group>";
		};
		4C62089D1C22C7A4009CCEC0 /* DataModel */ = {
			isa = PBXGroup;
			children = (
				4C62089E1C22C7CD009CCEC0 /* WZListDataModel.h */,
				4C62089F1C22C7CD009CCEC0 /* WZListDataModel.m */,
				4C6208A11C22C90D009CCEC0 /* WZCommentDataModel.h */,
				4C6208A21C22C90D009CCEC0 /* WZCommentDataModel.m */,
				4C6208A71C22CAF5009CCEC0 /* WZMessageDataModel.h */,
				4C6208A81C22CAF5009CCEC0 /* WZMessageDataModel.m */,
			);
			path = DataModel;
			sourceTree = "<group>";
		};
		4C7C64C31C2A435F005EDED1 /* WZ_UIKIt */ = {
			isa = PBXGroup;
			children = (
				4C7C64C41C2A435F005EDED1 /* UIImage+WZImage.h */,
				4C7C64C51C2A435F005EDED1 /* UIImage+WZImage.m */,
				4C7C64C71C2A4384005EDED1 /* UIColor+WZColor.h */,
				4C7C64C81C2A4384005EDED1 /* UIColor+WZColor.m */,
				4C4928931C2A752800039DA3 /* WZImage.h */,
				4C4928941C2A752800039DA3 /* WZImage.m */,
				4C49289A1C2A815300039DA3 /* YYImageCoder.h */,
				4C49289B1C2A815300039DA3 /* YYImageCoder.m */,
				4C49289D1C2A845C00039DA3 /* WZAnimatedImageView.h */,
				4C49289E1C2A845C00039DA3 /* WZAnimatedImageView.m */,
			);
			path = WZ_UIKIt;
			sourceTree = "<group>";
		};
		4CE32F461C27D8AA0006A940 /* WZText */ = {
			isa = PBXGroup;
			children = (
				4CE32F471C27D8D40006A940 /* WZTextExample.h */,
				4CE32F481C27D8D40006A940 /* WZTextExample.m */,
				4CE32F4A1C27DD000006A940 /* WZTextAttributes1.h */,
				4CE32F4B1C27DD000006A940 /* WZTextAttributes1.m */,
			);
			path = WZText;
			sourceTree = "<group>";
		};
		4CE32F4D1C27E8A10006A940 /* WZTextKit */ = {
			isa = PBXGroup;
			children = (
				4C7C64C31C2A435F005EDED1 /* WZ_UIKIt */,
				4CE32F4E1C27E8C80006A940 /* WZTextAttribute.h */,
				4CE32F4F1C27E8C80006A940 /* WZTextAttribute.m */,
				4C4AAC291C28F756009BDA93 /* NSAttributedString+WZAttributedString.h */,
				4C4AAC2A1C28F756009BDA93 /* NSAttributedString+WZAttributedString.m */,
			);
			path = WZTextKit;
			sourceTree = "<group>";
		};
/* End PBXGroup section */

/* Begin PBXNativeTarget section */
		4C5FFEE81C20FAA100A4FADD /* WZExample */ = {
			isa = PBXNativeTarget;
			buildConfigurationList = 4C5FFF161C20FAA200A4FADD /* Build configuration list for PBXNativeTarget "WZExample" */;
			buildPhases = (
				4C5FFEE51C20FAA100A4FADD /* Sources */,
				4C5FFEE61C20FAA100A4FADD /* Frameworks */,
				4C5FFEE71C20FAA100A4FADD /* Resources */,
			);
			buildRules = (
			);
			dependencies = (
			);
			name = WZExample;
			productName = WZExample;
			productReference = 4C5FFEE91C20FAA100A4FADD /* WZExample.app */;
			productType = "com.apple.product-type.application";
		};
		4C5FFF011C20FAA200A4FADD /* WZExampleTests */ = {
			isa = PBXNativeTarget;
			buildConfigurationList = 4C5FFF191C20FAA200A4FADD /* Build configuration list for PBXNativeTarget "WZExampleTests" */;
			buildPhases = (
				4C5FFEFE1C20FAA200A4FADD /* Sources */,
				4C5FFEFF1C20FAA200A4FADD /* Frameworks */,
				4C5FFF001C20FAA200A4FADD /* Resources */,
			);
			buildRules = (
			);
			dependencies = (
				4C5FFF041C20FAA200A4FADD /* PBXTargetDependency */,
			);
			name = WZExampleTests;
			productName = WZExampleTests;
			productReference = 4C5FFF021C20FAA200A4FADD /* WZExampleTests.xctest */;
			productType = "com.apple.product-type.bundle.unit-test";
		};
		4C5FFF0C1C20FAA200A4FADD /* WZExampleUITests */ = {
			isa = PBXNativeTarget;
			buildConfigurationList = 4C5FFF1C1C20FAA200A4FADD /* Build configuration list for PBXNativeTarget "WZExampleUITests" */;
			buildPhases = (
				4C5FFF091C20FAA200A4FADD /* Sources */,
				4C5FFF0A1C20FAA200A4FADD /* Frameworks */,
				4C5FFF0B1C20FAA200A4FADD /* Resources */,
			);
			buildRules = (
			);
			dependencies = (
				4C5FFF0F1C20FAA200A4FADD /* PBXTargetDependency */,
			);
			name = WZExampleUITests;
			productName = WZExampleUITests;
			productReference = 4C5FFF0D1C20FAA200A4FADD /* WZExampleUITests.xctest */;
			productType = "com.apple.product-type.bundle.ui-testing";
		};
/* End PBXNativeTarget section */

/* Begin PBXProject section */
		4C5FFEE11C20FAA100A4FADD /* Project object */ = {
			isa = PBXProject;
			attributes = {
				LastUpgradeCheck = 0720;
				ORGANIZATIONNAME = songbiwen;
				TargetAttributes = {
					4C5FFEE81C20FAA100A4FADD = {
						CreatedOnToolsVersion = 7.2;
						DevelopmentTeam = 8XMYBN9U4K;
					};
					4C5FFF011C20FAA200A4FADD = {
						CreatedOnToolsVersion = 7.2;
						TestTargetID = 4C5FFEE81C20FAA100A4FADD;
					};
					4C5FFF0C1C20FAA200A4FADD = {
						CreatedOnToolsVersion = 7.2;
						TestTargetID = 4C5FFEE81C20FAA100A4FADD;
					};
				};
			};
			buildConfigurationList = 4C5FFEE41C20FAA100A4FADD /* Build configuration list for PBXProject "WZExample" */;
			compatibilityVersion = "Xcode 3.2";
			developmentRegion = English;
			hasScannedForEncodings = 0;
			knownRegions = (
				en,
				Base,
			);
			mainGroup = 4C5FFEE01C20FAA100A4FADD;
			productRefGroup = 4C5FFEEA1C20FAA100A4FADD /* Products */;
			projectDirPath = "";
			projectRoot = "";
			targets = (
				4C5FFEE81C20FAA100A4FADD /* WZExample */,
				4C5FFF011C20FAA200A4FADD /* WZExampleTests */,
				4C5FFF0C1C20FAA200A4FADD /* WZExampleUITests */,
			);
		};
/* End PBXProject section */

/* Begin PBXResourcesBuildPhase section */
		4C5FFEE71C20FAA100A4FADD /* Resources */ = {
			isa = PBXResourcesBuildPhase;
			buildActionMask = 2147483647;
			files = (
				4C5FFEFC1C20FAA200A4FADD /* LaunchScreen.storyboard in Resources */,
				4C2478AC1C23F63300D8312D /* mew_progressive.jpg in Resources */,
				4C2478AB1C23F63300D8312D /* mew_interlaced.png in Resources */,
				4C2478AA1C23F63300D8312D /* mew_interlaced.gif in Resources */,
				4C2478A91C23F63300D8312D /* mew_baseline.png in Resources */,
				4C5FFEF91C20FAA200A4FADD /* Assets.xcassets in Resources */,
				4C6208981C22C23C009CCEC0 /* MBProgressHUD.bundle in Resources */,
				4C2478AD1C23F63300D8312D /* niconiconi.gif in Resources */,
				4C2478A61C23F63300D8312D /* cube.png in Resources */,
				4C2478AE1C23F63300D8312D /* pia.png in Resources */,
				4C2478B01C23F63300D8312D /* wall-e.webp in Resources */,
				4C2478AF1C23F63300D8312D /* Twitter.jpg in Resources */,
				4C2478A81C23F63300D8312D /* mew_baseline.jpg in Resources */,
				4C2478A71C23F63300D8312D /* mew_baseline.gif in Resources */,
			);
			runOnlyForDeploymentPostprocessing = 0;
		};
		4C5FFF001C20FAA200A4FADD /* Resources */ = {
			isa = PBXResourcesBuildPhase;
			buildActionMask = 2147483647;
			files = (
			);
			runOnlyForDeploymentPostprocessing = 0;
		};
		4C5FFF0B1C20FAA200A4FADD /* Resources */ = {
			isa = PBXResourcesBuildPhase;
			buildActionMask = 2147483647;
			files = (
			);
			runOnlyForDeploymentPostprocessing = 0;
		};
/* End PBXResourcesBuildPhase section */

/* Begin PBXSourcesBuildPhase section */
		4C5FFEE51C20FAA100A4FADD /* Sources */ = {
			isa = PBXSourcesBuildPhase;
			buildActionMask = 2147483647;
			files = (
				4C62089C1C22C313009CCEC0 /* UIViewController+HUD.m in Sources */,
				4C2478981C23DC3900D8312D /* WZImageExample.m in Sources */,
				4C6208891C228693009CCEC0 /* AFSecurityPolicy.m in Sources */,
				4C5FFF2D1C21343300A4FADD /* WZNavigationController.m in Sources */,
				4C62084F1C22439C009CCEC0 /* MJExtensionConst.m in Sources */,
				4C6208971C22C23C009CCEC0 /* MBProgressHUD+MJ.m in Sources */,
				4C5FFF301C21346A00A4FADD /* WZTableViewController.m in Sources */,
				4C62088A1C228693009CCEC0 /* AFURLConnectionOperation.m in Sources */,
				4C6208A01C22C7CD009CCEC0 /* WZListDataModel.m in Sources */,
				4C6208701C2256D1009CCEC0 /* WZModelExample.m in Sources */,
				4C6208991C22C23C009CCEC0 /* MBProgressHUD.m in Sources */,
				4C6208511C22439C009CCEC0 /* MJProperty.m in Sources */,
				4C6208531C22439C009CCEC0 /* MJPropertyType.m in Sources */,
				4C62088D1C228693009CCEC0 /* AFURLSessionManager.m in Sources */,
				4C4928951C2A752800039DA3 /* WZImage.m in Sources */,
				4C2478C31C23FA3D00D8312D /* UIView+HandyAutoLayout.m in Sources */,
				4CE32F501C27E8C80006A940 /* WZTextAttribute.m in Sources */,
				4C5FFF2B1C21343300A4FADD /* AppDelegate.m in Sources */,
				4CE32F4C1C27DD000006A940 /* WZTextAttributes1.m in Sources */,
				4C6208571C22439C009CCEC0 /* NSObject+MJProperty.m in Sources */,
				4C6208581C22439C009CCEC0 /* NSString+MJExtension.m in Sources */,
				4C62088C1C228693009CCEC0 /* AFURLResponseSerialization.m in Sources */,
				4C6208861C228693009CCEC0 /* AFHTTPRequestOperationManager.m in Sources */,
				4C6208851C228693009CCEC0 /* AFHTTPRequestOperation.m in Sources */,
				4C6208551C22439C009CCEC0 /* NSObject+MJCoding.m in Sources */,
				4CE32F491C27D8D40006A940 /* WZTextExample.m in Sources */,
				4C5FFEEE1C20FAA100A4FADD /* main.m in Sources */,
				4C4AAC2B1C28F756009BDA93 /* NSAttributedString+WZAttributedString.m in Sources */,
				4C49289F1C2A845C00039DA3 /* WZAnimatedImageView.m in Sources */,
				4C2478C41C23FA3D00D8312D /* UIView+LayoutMethods.m in Sources */,
				4C7C64C91C2A4384005EDED1 /* UIColor+WZColor.m in Sources */,
				4C6208521C22439C009CCEC0 /* MJPropertyKey.m in Sources */,
				4C6208881C228693009CCEC0 /* AFNetworkReachabilityManager.m in Sources */,
				4C2478B31C23F6A900D8312D /* WZAnimatedImageViewController.m in Sources */,
				4C6208561C22439C009CCEC0 /* NSObject+MJKeyValue.m in Sources */,
				4C6208541C22439C009CCEC0 /* NSObject+MJClass.m in Sources */,
				4C7C64C61C2A435F005EDED1 /* UIImage+WZImage.m in Sources */,
				4C6208901C22A6AB009CCEC0 /* AFNetworkActivityLogger.m in Sources */,
				4C62084E1C22439C009CCEC0 /* MJDictionaryCache.m in Sources */,
				4C62088B1C228693009CCEC0 /* AFURLRequestSerialization.m in Sources */,
				4C6208501C22439C009CCEC0 /* MJFoundation.m in Sources */,
				4C6208A31C22C90D009CCEC0 /* WZCommentDataModel.m in Sources */,
				4C6208871C228693009CCEC0 /* AFHTTPSessionManager.m in Sources */,
				4C6208A91C22CAF5009CCEC0 /* WZMessageDataModel.m in Sources */,
				4C49289C1C2A815300039DA3 /* YYImageCoder.m in Sources */,
			);
			runOnlyForDeploymentPostprocessing = 0;
		};
		4C5FFEFE1C20FAA200A4FADD /* Sources */ = {
			isa = PBXSourcesBuildPhase;
			buildActionMask = 2147483647;
			files = (
				4C5FFF071C20FAA200A4FADD /* WZExampleTests.m in Sources */,
			);
			runOnlyForDeploymentPostprocessing = 0;
		};
		4C5FFF091C20FAA200A4FADD /* Sources */ = {
			isa = PBXSourcesBuildPhase;
			buildActionMask = 2147483647;
			files = (
				4C5FFF121C20FAA200A4FADD /* WZExampleUITests.m in Sources */,
			);
			runOnlyForDeploymentPostprocessing = 0;
		};
/* End PBXSourcesBuildPhase section */

/* Begin PBXTargetDependency section */
		4C5FFF041C20FAA200A4FADD /* PBXTargetDependency */ = {
			isa = PBXTargetDependency;
			target = 4C5FFEE81C20FAA100A4FADD /* WZExample */;
			targetProxy = 4C5FFF031C20FAA200A4FADD /* PBXContainerItemProxy */;
		};
		4C5FFF0F1C20FAA200A4FADD /* PBXTargetDependency */ = {
			isa = PBXTargetDependency;
			target = 4C5FFEE81C20FAA100A4FADD /* WZExample */;
			targetProxy = 4C5FFF0E1C20FAA200A4FADD /* PBXContainerItemProxy */;
		};
/* End PBXTargetDependency section */

/* Begin PBXVariantGroup section */
		4C5FFEFA1C20FAA200A4FADD /* LaunchScreen.storyboard */ = {
			isa = PBXVariantGroup;
			children = (
				4C5FFEFB1C20FAA200A4FADD /* Base */,
			);
			name = LaunchScreen.storyboard;
			sourceTree = "<group>";
		};
/* End PBXVariantGroup section */

/* Begin XCBuildConfiguration section */
		4C5FFF141C20FAA200A4FADD /* Debug */ = {
			isa = XCBuildConfiguration;
			buildSettings = {
				ALWAYS_SEARCH_USER_PATHS = NO;
				CLANG_CXX_LANGUAGE_STANDARD = "gnu++0x";
				CLANG_CXX_LIBRARY = "libc++";
				CLANG_ENABLE_MODULES = YES;
				CLANG_ENABLE_OBJC_ARC = YES;
				CLANG_WARN_BOOL_CONVERSION = YES;
				CLANG_WARN_CONSTANT_CONVERSION = YES;
				CLANG_WARN_DIRECT_OBJC_ISA_USAGE = YES_ERROR;
				CLANG_WARN_EMPTY_BODY = YES;
				CLANG_WARN_ENUM_CONVERSION = YES;
				CLANG_WARN_INT_CONVERSION = YES;
				CLANG_WARN_OBJC_ROOT_CLASS = YES_ERROR;
				CLANG_WARN_UNREACHABLE_CODE = YES;
				CLANG_WARN__DUPLICATE_METHOD_MATCH = YES;
				"CODE_SIGN_IDENTITY[sdk=iphoneos*]" = "iPhone Developer";
				COPY_PHASE_STRIP = NO;
				DEBUG_INFORMATION_FORMAT = dwarf;
				ENABLE_STRICT_OBJC_MSGSEND = YES;
				ENABLE_TESTABILITY = YES;
				GCC_C_LANGUAGE_STANDARD = gnu99;
				GCC_DYNAMIC_NO_PIC = NO;
				GCC_NO_COMMON_BLOCKS = YES;
				GCC_OPTIMIZATION_LEVEL = 0;
				GCC_PREPROCESSOR_DEFINITIONS = (
					"DEBUG=1",
					"$(inherited)",
				);
				GCC_WARN_64_TO_32_BIT_CONVERSION = YES;
				GCC_WARN_ABOUT_RETURN_TYPE = YES_ERROR;
				GCC_WARN_UNDECLARED_SELECTOR = YES;
				GCC_WARN_UNINITIALIZED_AUTOS = YES_AGGRESSIVE;
				GCC_WARN_UNUSED_FUNCTION = YES;
				GCC_WARN_UNUSED_VARIABLE = YES;
				IPHONEOS_DEPLOYMENT_TARGET = 9.2;
				MTL_ENABLE_DEBUG_INFO = YES;
				ONLY_ACTIVE_ARCH = YES;
				SDKROOT = iphoneos;
			};
			name = Debug;
		};
		4C5FFF151C20FAA200A4FADD /* Release */ = {
			isa = XCBuildConfiguration;
			buildSettings = {
				ALWAYS_SEARCH_USER_PATHS = NO;
				CLANG_CXX_LANGUAGE_STANDARD = "gnu++0x";
				CLANG_CXX_LIBRARY = "libc++";
				CLANG_ENABLE_MODULES = YES;
				CLANG_ENABLE_OBJC_ARC = YES;
				CLANG_WARN_BOOL_CONVERSION = YES;
				CLANG_WARN_CONSTANT_CONVERSION = YES;
				CLANG_WARN_DIRECT_OBJC_ISA_USAGE = YES_ERROR;
				CLANG_WARN_EMPTY_BODY = YES;
				CLANG_WARN_ENUM_CONVERSION = YES;
				CLANG_WARN_INT_CONVERSION = YES;
				CLANG_WARN_OBJC_ROOT_CLASS = YES_ERROR;
				CLANG_WARN_UNREACHABLE_CODE = YES;
				CLANG_WARN__DUPLICATE_METHOD_MATCH = YES;
				"CODE_SIGN_IDENTITY[sdk=iphoneos*]" = "iPhone Developer";
				COPY_PHASE_STRIP = NO;
				DEBUG_INFORMATION_FORMAT = "dwarf-with-dsym";
				ENABLE_NS_ASSERTIONS = NO;
				ENABLE_STRICT_OBJC_MSGSEND = YES;
				GCC_C_LANGUAGE_STANDARD = gnu99;
				GCC_NO_COMMON_BLOCKS = YES;
				GCC_WARN_64_TO_32_BIT_CONVERSION = YES;
				GCC_WARN_ABOUT_RETURN_TYPE = YES_ERROR;
				GCC_WARN_UNDECLARED_SELECTOR = YES;
				GCC_WARN_UNINITIALIZED_AUTOS = YES_AGGRESSIVE;
				GCC_WARN_UNUSED_FUNCTION = YES;
				GCC_WARN_UNUSED_VARIABLE = YES;
				IPHONEOS_DEPLOYMENT_TARGET = 9.2;
				MTL_ENABLE_DEBUG_INFO = NO;
				SDKROOT = iphoneos;
				VALIDATE_PRODUCT = YES;
			};
			name = Release;
		};
		4C5FFF171C20FAA200A4FADD /* Debug */ = {
			isa = XCBuildConfiguration;
			buildSettings = {
				ASSETCATALOG_COMPILER_APPICON_NAME = AppIcon;
				CODE_SIGN_IDENTITY = "iPhone Developer";
				"CODE_SIGN_IDENTITY[sdk=iphoneos*]" = "iPhone Developer";
				ENABLE_BITCODE = YES;
				INFOPLIST_FILE = WZExample/Info.plist;
				IPHONEOS_DEPLOYMENT_TARGET = 7.0;
				LD_RUNPATH_SEARCH_PATHS = "$(inherited) @executable_path/Frameworks";
				PRODUCT_BUNDLE_IDENTIFIER = com.renhedao.WZExample;
				PRODUCT_NAME = "$(TARGET_NAME)";
				PROVISIONING_PROFILE = "";
			};
			name = Debug;
		};
		4C5FFF181C20FAA200A4FADD /* Release */ = {
			isa = XCBuildConfiguration;
			buildSettings = {
				ASSETCATALOG_COMPILER_APPICON_NAME = AppIcon;
				CODE_SIGN_IDENTITY = "iPhone Developer";
				"CODE_SIGN_IDENTITY[sdk=iphoneos*]" = "iPhone Developer";
				ENABLE_BITCODE = YES;
				INFOPLIST_FILE = WZExample/Info.plist;
				IPHONEOS_DEPLOYMENT_TARGET = 7.0;
				LD_RUNPATH_SEARCH_PATHS = "$(inherited) @executable_path/Frameworks";
				PRODUCT_BUNDLE_IDENTIFIER = com.renhedao.WZExample;
				PRODUCT_NAME = "$(TARGET_NAME)";
				PROVISIONING_PROFILE = "";
			};
			name = Release;
		};
		4C5FFF1A1C20FAA200A4FADD /* Debug */ = {
			isa = XCBuildConfiguration;
			buildSettings = {
				BUNDLE_LOADER = "$(TEST_HOST)";
				INFOPLIST_FILE = WZExampleTests/Info.plist;
				LD_RUNPATH_SEARCH_PATHS = "$(inherited) @executable_path/Frameworks @loader_path/Frameworks";
				PRODUCT_BUNDLE_IDENTIFIER = com.renhedao.WZExampleTests;
				PRODUCT_NAME = "$(TARGET_NAME)";
				TEST_HOST = "$(BUILT_PRODUCTS_DIR)/WZExample.app/WZExample";
			};
			name = Debug;
		};
		4C5FFF1B1C20FAA200A4FADD /* Release */ = {
			isa = XCBuildConfiguration;
			buildSettings = {
				BUNDLE_LOADER = "$(TEST_HOST)";
				INFOPLIST_FILE = WZExampleTests/Info.plist;
				LD_RUNPATH_SEARCH_PATHS = "$(inherited) @executable_path/Frameworks @loader_path/Frameworks";
				PRODUCT_BUNDLE_IDENTIFIER = com.renhedao.WZExampleTests;
				PRODUCT_NAME = "$(TARGET_NAME)";
				TEST_HOST = "$(BUILT_PRODUCTS_DIR)/WZExample.app/WZExample";
			};
			name = Release;
		};
		4C5FFF1D1C20FAA200A4FADD /* Debug */ = {
			isa = XCBuildConfiguration;
			buildSettings = {
				INFOPLIST_FILE = WZExampleUITests/Info.plist;
				LD_RUNPATH_SEARCH_PATHS = "$(inherited) @executable_path/Frameworks @loader_path/Frameworks";
				PRODUCT_BUNDLE_IDENTIFIER = com.renhedao.WZExampleUITests;
				PRODUCT_NAME = "$(TARGET_NAME)";
				TEST_TARGET_NAME = WZExample;
				USES_XCTRUNNER = YES;
			};
			name = Debug;
		};
		4C5FFF1E1C20FAA200A4FADD /* Release */ = {
			isa = XCBuildConfiguration;
			buildSettings = {
				INFOPLIST_FILE = WZExampleUITests/Info.plist;
				LD_RUNPATH_SEARCH_PATHS = "$(inherited) @executable_path/Frameworks @loader_path/Frameworks";
				PRODUCT_BUNDLE_IDENTIFIER = com.renhedao.WZExampleUITests;
				PRODUCT_NAME = "$(TARGET_NAME)";
				TEST_TARGET_NAME = WZExample;
				USES_XCTRUNNER = YES;
			};
			name = Release;
		};
/* End XCBuildConfiguration section */

/* Begin XCConfigurationList section */
		4C5FFEE41C20FAA100A4FADD /* Build configuration list for PBXProject "WZExample" */ = {
			isa = XCConfigurationList;
			buildConfigurations = (
				4C5FFF141C20FAA200A4FADD /* Debug */,
				4C5FFF151C20FAA200A4FADD /* Release */,
			);
			defaultConfigurationIsVisible = 0;
			defaultConfigurationName = Release;
		};
		4C5FFF161C20FAA200A4FADD /* Build configuration list for PBXNativeTarget "WZExample" */ = {
			isa = XCConfigurationList;
			buildConfigurations = (
				4C5FFF171C20FAA200A4FADD /* Debug */,
				4C5FFF181C20FAA200A4FADD /* Release */,
			);
			defaultConfigurationIsVisible = 0;
			defaultConfigurationName = Release;
		};
		4C5FFF191C20FAA200A4FADD /* Build configuration list for PBXNativeTarget "WZExampleTests" */ = {
			isa = XCConfigurationList;
			buildConfigurations = (
				4C5FFF1A1C20FAA200A4FADD /* Debug */,
				4C5FFF1B1C20FAA200A4FADD /* Release */,
			);
			defaultConfigurationIsVisible = 0;
			defaultConfigurationName = Release;
		};
		4C5FFF1C1C20FAA200A4FADD /* Build configuration list for PBXNativeTarget "WZExampleUITests" */ = {
			isa = XCConfigurationList;
			buildConfigurations = (
				4C5FFF1D1C20FAA200A4FADD /* Debug */,
				4C5FFF1E1C20FAA200A4FADD /* Release */,
			);
			defaultConfigurationIsVisible = 0;
			defaultConfigurationName = Release;
		};
/* End XCConfigurationList section */
	};
	rootObject = 4C5FFEE11C20FAA100A4FADD /* Project object */;
}
